
Microsoft Visual Studio Solution File, Format Version 12.00
# Visual Studio Version 17
VisualStudioVersion = 17.3.32901.215
MinimumVisualStudioVersion = 10.0.40219.1
Project("{FAE04EC0-301F-11D3-BF4B-00C04F79EFBC}") = "AutogrammaTasks", "AutogrammaTasks\AutogrammaTasks.csproj", "{127D01B5-C707-48B3-9D2C-B8D2347B8D26}"
EndProject
Global
	GlobalSection(SolutionConfigurationPlatforms) = preSolution
		Debug|Any CPU = Debug|Any CPU
		Release|Any CPU = Release|Any CPU
	EndGlobalSection
	GlobalSection(ProjectConfigurationPlatforms) = postSolution
		{127D01B5-C707-48B3-9D2C-B8D2347B8D26}.Debug|Any CPU.ActiveCfg = Debug|Any CPU
		{127D01B5-C707-48B3-9D2C-B8D2347B8D26}.Debug|Any CPU.Build.0 = Debug|Any CPU
		{127D01B5-C707-48B3-9D2C-B8D2347B8D26}.Release|Any CPU.ActiveCfg = Release|Any CPU
		{127D01B5-C707-48B3-9D2C-B8D2347B8D26}.Release|Any CPU.Build.0 = Release|Any CPU
	EndGlobalSection
	GlobalSection(SolutionProperties) = preSolution
		HideSolutionNode = FALSE
	EndGlobalSection
	GlobalSection(ExtensibilityGlobals) = postSolution
		SolutionGuid = {460D44E7-686C-4C0F-B692-C1C57F2DE31B}
	EndGlobalSection
EndGlobal
